{
  "pins" : [
    {
      "identity" : "kount-ui-ios",
      "kind" : "remoteSourceControl",
      "location" : "https://gitlab.gs.kount.com/kount/device/mobile/kount-ui-ios",
      "state" : {
        "branch" : "master",
        "revision" : "4c7c23536a0ac193a44b995dc1a5a03526fb8df5"
      }
    },
    {
      "identity" : "lottie-ios",
      "kind" : "remoteSourceControl",
      "location" : "https://github.com/airbnb/lottie-ios.git",
      "state" : {
        "revision" : "fe4c6fe3a0aa66cdeb51d549623c82ca9704b9a5",
        "version" : "4.5.0"
      }
    }
  ],
  "version" : 2
}
